<?xml version="1.0" encoding="utf-8"?>
<Project ToolsVersion="4.0" xmlns="http://schemas.microsoft.com/developer/msbuild/2003">
  <ItemGroup>
    <Filter Include="Source Files">
      <UniqueIdentifier>{4FC737F1-C7A5-4376-A066-2A32D752A2FF}</UniqueIdentifier>
      <Extensions>cpp;c;cc;cxx;c++;cppm;ixx;def;odl;idl;hpj;bat;asm;asmx</Extensions>
    </Filter>
    <Filter Include="Header Files">
      <UniqueIdentifier>{93995380-89BD-4b04-88EB-625FBE52EBFB}</UniqueIdentifier>
      <Extensions>h;hh;hpp;hxx;h++;hm;inl;inc;ipp;xsd</Extensions>
    </Filter>
    <Filter Include="Resource Files">
      <UniqueIdentifier>{67DA6AB6-F800-4c08-8B7A-83BB121AAD01}</UniqueIdentifier>
      <Extensions>rc;ico;cur;bmp;dlg;rc2;rct;bin;rgs;gif;jpg;jpeg;jpe;resx;tiff;tif;png;wav;mfcribbon-ms</Extensions>
    </Filter>
  </ItemGroup>
  <ItemGroup>
    <ClInclude Include="framework.h">
      <Filter>Header Files</Filter>
    </ClInclude>
    <ClInclude Include="pch.h">
      <Filter>Header Files</Filter>
    </ClInclude>
    <ClInclude Include="DxgiWrapper.h">
      <Filter>Header Files</Filter>
    </ClInclude>
    <ClInclude Include="Utils.h">
      <Filter>Header Files</Filter>
    </ClInclude>
    <ClInclude Include="Hooks\SymbolMapper.h">
      <Filter>Header Files</Filter>
    </ClInclude>
    <ClInclude Include="GameDefinitions\Symbols.h">
      <Filter>Header Files</Filter>
    </ClInclude>
    <ClInclude Include="GameDefinitions\Base\Base.h">
      <Filter>Header Files</Filter>
    </ClInclude>
    <ClInclude Include="GameDefinitions\Base\BaseArray.h">
      <Filter>Header Files</Filter>
    </ClInclude>
    <ClInclude Include="GameDefinitions\Base\BaseMap.h">
      <Filter>Header Files</Filter>
    </ClInclude>
    <ClInclude Include="GameDefinitions\Base\BaseMemory.h">
      <Filter>Header Files</Filter>
    </ClInclude>
    <ClInclude Include="GameDefinitions\Base\BaseString.h">
      <Filter>Header Files</Filter>
    </ClInclude>
    <ClInclude Include="GameDefinitions\Base\BaseTypeInformation.h">
      <Filter>Header Files</Filter>
    </ClInclude>
    <ClInclude Include="GameDefinitions\Base\BaseTypes.h">
      <Filter>Header Files</Filter>
    </ClInclude>
    <ClInclude Include="GameDefinitions\Base\BaseUtilities.h">
      <Filter>Header Files</Filter>
    </ClInclude>
    <ClInclude Include="GameDefinitions\Base\ForwardDeclarations.h">
      <Filter>Header Files</Filter>
    </ClInclude>
    <ClInclude Include="GameDefinitions\Base\HalfHelpers.h">
      <Filter>Header Files</Filter>
    </ClInclude>
    <ClInclude Include="GameDefinitions\Base\ObjectVisitor.h">
      <Filter>Header Files</Filter>
    </ClInclude>
    <ClInclude Include="External\tinyxml2\tinyxml2.h">
      <Filter>Header Files</Filter>
    </ClInclude>
    <ClInclude Include="resource.h">
      <Filter>Header Files</Filter>
    </ClInclude>
    <ClInclude Include="resource1.h">
      <Filter>Header Files</Filter>
    </ClInclude>
    <ClInclude Include="Hooks\DataLibraries.h">
      <Filter>Header Files</Filter>
    </ClInclude>
    <ClInclude Include="Hooks\Wrappers.h">
      <Filter>Header Files</Filter>
    </ClInclude>
    <ClInclude Include="Extender\ScriptExtender.h">
      <Filter>Header Files</Filter>
    </ClInclude>
    <ClInclude Include="Hooks\EngineHooks.h">
      <Filter>Header Files</Filter>
    </ClInclude>
    <ClInclude Include="GameDefinitions\UI.h">
      <Filter>Header Files</Filter>
    </ClInclude>
    <ClInclude Include="Hooks\Hooks.h">
      <Filter>Header Files</Filter>
    </ClInclude>
    <ClInclude Include="GameDefinitions\RPGStats.h">
      <Filter>Header Files</Filter>
    </ClInclude>
    <ClInclude Include="GameDefinitions\EntitySystem.h">
      <Filter>Header Files</Filter>
    </ClInclude>
    <ClInclude Include="GameDefinitions\Enumerations.h">
      <Filter>Header Files</Filter>
    </ClInclude>
    <ClInclude Include="GameDefinitions\Character.h">
      <Filter>Header Files</Filter>
    </ClInclude>
    <ClInclude Include="Utils\Text.h">
      <Filter>Header Files</Filter>
    </ClInclude>
    <ClInclude Include="GameDefinitions\Input.h">
      <Filter>Header Files</Filter>
    </ClInclude>
    <ClInclude Include="Extender\Utils\CharacterUtils.h">
      <Filter>Header Files</Filter>
    </ClInclude>
    <ClInclude Include="Epip\Epip.h">
      <Filter>Header Files</Filter>
    </ClInclude>
    <ClInclude Include="Epip\UI\TargetInfo.h">
      <Filter>Header Files</Filter>
    </ClInclude>
    <ClInclude Include="Epip\UI\KeyboardBottomBar.h">
      <Filter>Header Files</Filter>
    </ClInclude>
    <ClInclude Include="GameDefinitions\Misc.h">
      <Filter>Header Files</Filter>
    </ClInclude>
    <ClInclude Include="GameDefinitions\Player.h">
      <Filter>Header Files</Filter>
    </ClInclude>
    <ClInclude Include="GameDefinitions\Level.h">
      <Filter>Header Files</Filter>
    </ClInclude>
    <ClInclude Include="GameDefinitions\Item.h">
      <Filter>Header Files</Filter>
    </ClInclude>
    <ClInclude Include="Epip\WorldTooltips.h">
      <Filter>Header Files</Filter>
    </ClInclude>
    <ClInclude Include="Epip\UI\GameOptionsSettings.h">
      <Filter>Header Files</Filter>
    </ClInclude>
    <ClInclude Include="Epip\InfiniteCarryWeight.h">
      <Filter>Header Files</Filter>
    </ClInclude>
    <ClInclude Include="Epip\ScriptBugWatchdog.h">
      <Filter>Header Files</Filter>
    </ClInclude>
    <ClInclude Include="Epip\SkillRangeEffectFix.h">
      <Filter>Header Files</Filter>
    </ClInclude>
    <ClInclude Include="GameDefinitions\Effect.h">
      <Filter>Header Files</Filter>
    </ClInclude>
    <ClInclude Include="Epip\OsirisImprovements.h">
      <Filter>Header Files</Filter>
    </ClInclude>
    <ClInclude Include="Epip\EquipmentDegradation.h">
      <Filter>Header Files</Filter>
    </ClInclude>
    <ClInclude Include="Epip\SharedCivils.h">
      <Filter>Header Files</Filter>
    </ClInclude>
    <ClInclude Include="Epip\AutoIdentify.h">
      <Filter>Header Files</Filter>
    </ClInclude>
    <ClInclude Include="DeadPartyXP.h">
      <Filter>Header Files</Filter>
    </ClInclude>
    <ClInclude Include="GameDefinitions\Inventory.h">
      <Filter>Header Files</Filter>
    </ClInclude>
    <ClInclude Include="Epip\EpipSettings.h">
      <Filter>Header Files</Filter>
    </ClInclude>
    <ClInclude Include="Epip\UI\ExamineTweaks.h">
      <Filter>Header Files</Filter>
    </ClInclude>
    <ClInclude Include="Epip\CameraTweaks.h">
      <Filter>Header Files</Filter>
    </ClInclude>
    <ClInclude Include="Extender\Utils\UIUtils.h">
      <Filter>Header Files</Filter>
    </ClInclude>
    <ClInclude Include="Epip\Hotkeys.h">
      <Filter>Header Files</Filter>
    </ClInclude>
    <ClInclude Include="Extender\Utils\Pointer.h">
      <Filter>Header Files</Filter>
    </ClInclude>
    <ClInclude Include="Epip\UI\MainMenu.h">
      <Filter>Header Files</Filter>
    </ClInclude>
    <ClInclude Include="Epip\UI\ControllerEquipmentPanel.h">
      <Filter>Header Files</Filter>
    </ClInclude>
    <ClInclude Include="Epip\UI\Dialog.h">
      <Filter>Header Files</Filter>
    </ClInclude>
    <ClInclude Include="Epip\UI\ControlsMenu.h">
      <Filter>Header Files</Filter>
    </ClInclude>
  </ItemGroup>
  <ItemGroup>
    <ClCompile Include="dllmain.cpp">
      <Filter>Source Files</Filter>
    </ClCompile>
    <ClCompile Include="pch.cpp">
      <Filter>Source Files</Filter>
    </ClCompile>
    <ClCompile Include="DxgiWrapper.cpp">
      <Filter>Source Files</Filter>
    </ClCompile>
    <ClCompile Include="Utils.cpp">
      <Filter>Source Files</Filter>
    </ClCompile>
    <ClCompile Include="Hooks\SymbolMapper.cpp">
      <Filter>Source Files</Filter>
    </ClCompile>
    <ClCompile Include="GameDefinitions\Symbols.cpp">
      <Filter>Source Files</Filter>
    </ClCompile>
    <ClCompile Include="GameDefinitions\Base\Base.cpp">
      <Filter>Source Files</Filter>
    </ClCompile>
    <ClCompile Include="External\tinyxml2\tinyxml2.cpp">
      <Filter>Source Files</Filter>
    </ClCompile>
    <ClCompile Include="GameDefinitions\GameHelpers.cpp">
      <Filter>Source Files</Filter>
    </ClCompile>
    <ClCompile Include="Hooks\DataLibraries.cpp">
      <Filter>Source Files</Filter>
    </ClCompile>
    <ClCompile Include="Hooks\DataLibrariesEoCApp.cpp">
      <Filter>Source Files</Filter>
    </ClCompile>
    <ClCompile Include="Extender\ScriptExtender.cpp">
      <Filter>Source Files</Filter>
    </ClCompile>
    <ClCompile Include="Hooks\EngineHooks.cpp">
      <Filter>Source Files</Filter>
    </ClCompile>
    <ClCompile Include="Hooks\Hooks.cpp">
      <Filter>Source Files</Filter>
    </ClCompile>
    <ClCompile Include="GameDefinitions\RPGStats.cpp">
      <Filter>Source Files</Filter>
    </ClCompile>
    <ClCompile Include="Utils\Text.cpp">
      <Filter>Source Files</Filter>
    </ClCompile>
    <ClCompile Include="Extender\Utils\CharacterUtils.cpp">
      <Filter>Source Files</Filter>
    </ClCompile>
    <ClCompile Include="Epip\Epip.cpp">
      <Filter>Source Files</Filter>
    </ClCompile>
    <ClCompile Include="Epip\UI\TargetInfo.cpp">
      <Filter>Source Files</Filter>
    </ClCompile>
    <ClCompile Include="Epip\UI\KeyboardBottomBar.cpp">
      <Filter>Source Files</Filter>
    </ClCompile>
    <ClCompile Include="Epip\WorldTooltips.cpp">
      <Filter>Source Files</Filter>
    </ClCompile>
    <ClCompile Include="Epip\UI\GameOptionsSettings.cpp">
      <Filter>Source Files</Filter>
    </ClCompile>
    <ClCompile Include="Epip\InfiniteCarryWeight.cpp">
      <Filter>Source Files</Filter>
    </ClCompile>
    <ClCompile Include="Epip\ScriptBugWatchdog.cpp">
      <Filter>Source Files</Filter>
    </ClCompile>
    <ClCompile Include="Epip\SkillRangeEffectFix.cpp">
      <Filter>Source Files</Filter>
    </ClCompile>
    <ClCompile Include="Epip\OsirisImprovements.cpp">
      <Filter>Source Files</Filter>
    </ClCompile>
    <ClCompile Include="Epip\EquipmentDegradation.cpp">
      <Filter>Source Files</Filter>
    </ClCompile>
    <ClCompile Include="Epip\SharedCivils.cpp">
      <Filter>Source Files</Filter>
    </ClCompile>
    <ClCompile Include="Epip\AutoIdentify.cpp">
      <Filter>Source Files</Filter>
    </ClCompile>
    <ClCompile Include="DeadPartyXP.cpp">
      <Filter>Source Files</Filter>
    </ClCompile>
    <ClCompile Include="Hooks\DataLibrariesEoCPlugin.cpp">
      <Filter>Source Files</Filter>
    </ClCompile>
    <ClCompile Include="Epip\EpipSettings.cpp">
      <Filter>Source Files</Filter>
    </ClCompile>
    <ClCompile Include="Epip\UI\ExamineTweaks.cpp">
      <Filter>Source Files</Filter>
    </ClCompile>
    <ClCompile Include="Epip\CameraTweaks.cpp">
      <Filter>Source Files</Filter>
    </ClCompile>
    <ClCompile Include="Extender\Utils\UIUtils.cpp">
      <Filter>Source Files</Filter>
    </ClCompile>
    <ClCompile Include="Epip\Hotkeys.cpp">
      <Filter>Source Files</Filter>
    </ClCompile>
    <ClCompile Include="Extender\Utils\Pointer.cpp">
      <Filter>Source Files</Filter>
    </ClCompile>
    <ClCompile Include="Epip\UI\MainMenu.cpp">
      <Filter>Source Files</Filter>
    </ClCompile>
    <ClCompile Include="Epip\UI\ControllerEquipmentPanel.cpp">
      <Filter>Source Files</Filter>
    </ClCompile>
    <ClCompile Include="Epip\UI\Dialog.cpp">
      <Filter>Source Files</Filter>
    </ClCompile>
    <ClCompile Include="Epip\UI\ControlsMenu.cpp">
      <Filter>Source Files</Filter>
    </ClCompile>
  </ItemGroup>
  <ItemGroup>
    <None Include="Exports.def">
      <Filter>Source Files</Filter>
    </None>
    <None Include="Hooks\EoCApp.exe" />
    <None Include="Hooks\EngineHooks.inl">
      <Filter>Header Files</Filter>
    </None>
    <None Include="script_e.bin">
      <Filter>Resource Files</Filter>
    </None>
  </ItemGroup>
  <ItemGroup>
    <Xml Include="Hooks\EoCApp.xml" />
    <Xml Include="Hooks\EoCPlugin.xml" />
  </ItemGroup>
  <ItemGroup>
    <ResourceCompile Include="DOSEE-Extender.rc">
      <Filter>Resource Files</Filter>
    </ResourceCompile>
  </ItemGroup>
  <ItemGroup>
    <Natvis Include="NatvisFile.natvis" />
  </ItemGroup>
</Project>